{
  "name": "theham-brand-film",
  "lockfileVersion": 3,
  "requires": true,
  "packages": {
    "": {
      "name": "theham-brand-film",
      "dependencies": {
        "@fontsource/noto-sans-kr": "^5.2.0",
        "@fontsource/noto-serif-kr": "^5.2.0",
        "playwright": "1.56.0",
        "pretendard": "^1.3.9"
      }
    },
    "node_modules/@fontsource/noto-sans-kr": {
      "version": "5.3.0",
      "resolved": "https://registry.npmjs.org/@fontsource/noto-sans-kr/-/noto-sans-kr-5.3.0.tgz",
      "integrity": "sha512-/JnpTjaCOXW7xUoqOyCVYSr05VOkDy5Yla9O+WAEiS7u+yYLsmHoqj6v1W0bf91G8G3XA2+NnRS3CX2Tf/FVZg==",
      "license": "OFL-1.1",
      "funding": {
        "url": "https://github.com/sponsors/ayuhito"
      }
    },
    "node_modules/@fontsource/noto-serif-kr": {
      "version": "5.3.0",
      "resolved": "https://registry.npmjs.org/@fontsource/noto-serif-kr/-/noto-serif-kr-5.3.0.tgz",
      "integrity": "sha512-PMVJPol7ZsWntq4p1blZnhzl1hJruzzQZbWOZJPnJriw+nEUPYyG+pkWCCHfbziZ6OolSxl1o05Z0gy4iMGmPA==",
      "license": "OFL-1.1",
      "funding": {
        "url": "https://github.com/sponsors/ayuhito"
      }
    },
    "node_modules/fsevents": {
      "version": "2.3.2",
      "resolved": "https://registry.npmjs.org/fsevents/-/fsevents-2.3.2.tgz",
      "integrity": "sha512-xiqMQR4xAeHTuB9uWm+fFRcIOgKBMiOBP+eXiyT7jsgVCq1bkVygt00oASowB7EdtpOHaaPgKt812P9ab+DDKA==",
      "hasInstallScript": true,
      "license": "MIT",
      "optional": true,
      "os": [
        "darwin"
      ],
      "engines": {
        "node": "^8.16.0 || ^10.6.0 || >=11.0.0"
      }
    },
    "node_modules/playwright": {
      "version": "1.56.0",
      "resolved": "https://registry.npmjs.org/playwright/-/playwright-1.56.0.tgz",
      "integrity": "sha512-X5Q1b8lOdWIE4KAoHpW3SE8HvUB+ZZsUoN64ZhjnN8dOb1UpujxBtENGiZFE+9F/yhzJwYa+ca3u43FeLbboHA==",
      "license": "Apache-2.0",
      "dependencies": {
        "playwright-core": "1.56.0"
      },
      "bin": {
        "playwright": "cli.js"
      },
      "engines": {
        "node": ">=18"
      },
      "optionalDependencies": {
        "fsevents": "2.3.2"
      }
    },
    "node_modules/playwright-core": {
      "version": "1.56.0",
      "resolved": "https://registry.npmjs.org/playwright-core/-/playwright-core-1.56.0.tgz",
      "integrity": "sha512-1SXl7pMfemAMSDn5rkPeZljxOCYAmQnYLBTExuh6E8USHXGSX3dx6lYZN/xPpTz1vimXmPA9CDnILvmJaB8aSQ==",
      "license": "Apache-2.0",
      "bin": {
        "playwright-core": "cli.js"
      },
      "engines": {
        "node": ">=18"
      }
    },
    "node_modules/pretendard": {
      "version": "1.3.9",
      "resolved": "https://registry.npmjs.org/pretendard/-/pretendard-1.3.9.tgz",
      "integrity": "sha512-PaQAADyLY5v4kYFwkpSJHbSSYIkiriY/1xXw75TKoZ9UQQqeU+tvP05yTdZAWibiIYoo8ZKtRv8PM7w0IaywSw==",
      "license": "OFL-1.1"
    }
  }
}
